
Microsoft Visual Studio Solution File, Format Version 12.00
# Visual Studio Version 17
VisualStudioVersion = 17.5.002.0
MinimumVisualStudioVersion = 10.0.40219.1
Project("{9A19103F-16F7-4668-BE54-9A1E7A4F7556}") = "CondominusApi", "CondominusApi.csproj", "{F7AE6A9F-DC7F-440B-8335-24E31B0A25C6}"
EndProject
Global
	GlobalSection(SolutionConfigurationPlatforms) = preSolution
		Debug|Any CPU = Debug|Any CPU
		Release|Any CPU = Release|Any CPU
	EndGlobalSection
	GlobalSection(ProjectConfigurationPlatforms) = postSolution
		{F7AE6A9F-DC7F-440B-8335-24E31B0A25C6}.Debug|Any CPU.ActiveCfg = Debug|Any CPU
		{F7AE6A9F-DC7F-440B-8335-24E31B0A25C6}.Debug|Any CPU.Build.0 = Debug|Any CPU
		{F7AE6A9F-DC7F-440B-8335-24E31B0A25C6}.Release|Any CPU.ActiveCfg = Release|Any CPU
		{F7AE6A9F-DC7F-440B-8335-24E31B0A25C6}.Release|Any CPU.Build.0 = Release|Any CPU
	EndGlobalSection
	GlobalSection(SolutionProperties) = preSolution
		HideSolutionNode = FALSE
	EndGlobalSection
	GlobalSection(ExtensibilityGlobals) = postSolution
		SolutionGuid = {5D826CDA-86D9-4B61-9BD5-8EF221B3CA16}
	EndGlobalSection
EndGlobal
